
Microsoft Visual Studio Solution File, Format Version 12.00
# Visual Studio Version 17
VisualStudioVersion = 17.4.33213.308
MinimumVisualStudioVersion = 10.0.40219.1
Project("{FAE04EC0-301F-11D3-BF4B-00C04F79EFBC}") = "DatetimeWebsite", "DatetimeWebsite\DatetimeWebsite.csproj", "{0B5B883C-1C30-4BD4-B248-FD8BBF2946D8}"
EndProject
Global
	GlobalSection(SolutionConfigurationPlatforms) = preSolution
		Debug|Any CPU = Debug|Any CPU
		Release|Any CPU = Release|Any CPU
	EndGlobalSection
	GlobalSection(ProjectConfigurationPlatforms) = postSolution
		{0B5B883C-1C30-4BD4-B248-FD8BBF2946D8}.Debug|Any CPU.ActiveCfg = Debug|Any CPU
		{0B5B883C-1C30-4BD4-B248-FD8BBF2946D8}.Debug|Any CPU.Build.0 = Debug|Any CPU
		{0B5B883C-1C30-4BD4-B248-FD8BBF2946D8}.Release|Any CPU.ActiveCfg = Release|Any CPU
		{0B5B883C-1C30-4BD4-B248-FD8BBF2946D8}.Release|Any CPU.Build.0 = Release|Any CPU
	EndGlobalSection
	GlobalSection(SolutionProperties) = preSolution
		HideSolutionNode = FALSE
	EndGlobalSection
	GlobalSection(ExtensibilityGlobals) = postSolution
		SolutionGuid = {CFFC66BE-3F0C-42F3-BF99-4D55A5E3C05B}
	EndGlobalSection
EndGlobal
