
Microsoft Visual Studio Solution File, Format Version 12.00
# Visual Studio Version 17
VisualStudioVersion = 17.4.33213.308
MinimumVisualStudioVersion = 10.0.40219.1
Project("{FAE04EC0-301F-11D3-BF4B-00C04F79EFBC}") = "WebApplication2", "WebApplication2\WebApplication2.csproj", "{C005F571-CF51-4BD2-A611-85B21F7ABDE4}"
EndProject
Global
	GlobalSection(SolutionConfigurationPlatforms) = preSolution
		Debug|Any CPU = Debug|Any CPU
		Release|Any CPU = Release|Any CPU
	EndGlobalSection
	GlobalSection(ProjectConfigurationPlatforms) = postSolution
		{C005F571-CF51-4BD2-A611-85B21F7ABDE4}.Debug|Any CPU.ActiveCfg = Debug|Any CPU
		{C005F571-CF51-4BD2-A611-85B21F7ABDE4}.Debug|Any CPU.Build.0 = Debug|Any CPU
		{C005F571-CF51-4BD2-A611-85B21F7ABDE4}.Release|Any CPU.ActiveCfg = Release|Any CPU
		{C005F571-CF51-4BD2-A611-85B21F7ABDE4}.Release|Any CPU.Build.0 = Release|Any CPU
	EndGlobalSection
	GlobalSection(SolutionProperties) = preSolution
		HideSolutionNode = FALSE
	EndGlobalSection
	GlobalSection(ExtensibilityGlobals) = postSolution
		SolutionGuid = {0C6DC70C-C64B-4C96-826E-FCD73B309C30}
	EndGlobalSection
EndGlobal
