
Microsoft Visual Studio Solution File, Format Version 12.00
# Visual Studio Version 17
VisualStudioVersion = 17.4.33213.308
MinimumVisualStudioVersion = 10.0.40219.1
Project("{FAE04EC0-301F-11D3-BF4B-00C04F79EFBC}") = "StudentDatabase", "StudentDatabase\StudentDatabase.csproj", "{5E3425B1-EDCB-4F0C-881E-BE937332D01D}"
EndProject
Global
	GlobalSection(SolutionConfigurationPlatforms) = preSolution
		Debug|Any CPU = Debug|Any CPU
		Release|Any CPU = Release|Any CPU
	EndGlobalSection
	GlobalSection(ProjectConfigurationPlatforms) = postSolution
		{5E3425B1-EDCB-4F0C-881E-BE937332D01D}.Debug|Any CPU.ActiveCfg = Debug|Any CPU
		{5E3425B1-EDCB-4F0C-881E-BE937332D01D}.Debug|Any CPU.Build.0 = Debug|Any CPU
		{5E3425B1-EDCB-4F0C-881E-BE937332D01D}.Release|Any CPU.ActiveCfg = Release|Any CPU
		{5E3425B1-EDCB-4F0C-881E-BE937332D01D}.Release|Any CPU.Build.0 = Release|Any CPU
	EndGlobalSection
	GlobalSection(SolutionProperties) = preSolution
		HideSolutionNode = FALSE
	EndGlobalSection
	GlobalSection(ExtensibilityGlobals) = postSolution
		SolutionGuid = {44735BA9-F80A-420C-BFA8-68170C4FF427}
	EndGlobalSection
EndGlobal
