
Microsoft Visual Studio Solution File, Format Version 12.00
# Visual Studio Version 17
VisualStudioVersion = 17.4.33213.308
MinimumVisualStudioVersion = 10.0.40219.1
Project("{FAE04EC0-301F-11D3-BF4B-00C04F79EFBC}") = "Const", "Const\Const.csproj", "{2A08A4A9-C79E-490D-8190-B99D6700BDC8}"
EndProject
Global
	GlobalSection(SolutionConfigurationPlatforms) = preSolution
		Debug|Any CPU = Debug|Any CPU
		Release|Any CPU = Release|Any CPU
	EndGlobalSection
	GlobalSection(ProjectConfigurationPlatforms) = postSolution
		{2A08A4A9-C79E-490D-8190-B99D6700BDC8}.Debug|Any CPU.ActiveCfg = Debug|Any CPU
		{2A08A4A9-C79E-490D-8190-B99D6700BDC8}.Debug|Any CPU.Build.0 = Debug|Any CPU
		{2A08A4A9-C79E-490D-8190-B99D6700BDC8}.Release|Any CPU.ActiveCfg = Release|Any CPU
		{2A08A4A9-C79E-490D-8190-B99D6700BDC8}.Release|Any CPU.Build.0 = Release|Any CPU
	EndGlobalSection
	GlobalSection(SolutionProperties) = preSolution
		HideSolutionNode = FALSE
	EndGlobalSection
	GlobalSection(ExtensibilityGlobals) = postSolution
		SolutionGuid = {6B3E7924-5D8E-4882-A957-47325B27E7EE}
	EndGlobalSection
EndGlobal
