
Microsoft Visual Studio Solution File, Format Version 12.00
# Visual Studio Version 17
VisualStudioVersion = 17.4.33213.308
MinimumVisualStudioVersion = 10.0.40219.1
Project("{FAE04EC0-301F-11D3-BF4B-00C04F79EFBC}") = "ArrayIndex", "ArrayIndex\ArrayIndex.csproj", "{511761BF-9334-45CE-AB65-122090793C23}"
EndProject
Global
	GlobalSection(SolutionConfigurationPlatforms) = preSolution
		Debug|Any CPU = Debug|Any CPU
		Release|Any CPU = Release|Any CPU
	EndGlobalSection
	GlobalSection(ProjectConfigurationPlatforms) = postSolution
		{511761BF-9334-45CE-AB65-122090793C23}.Debug|Any CPU.ActiveCfg = Debug|Any CPU
		{511761BF-9334-45CE-AB65-122090793C23}.Debug|Any CPU.Build.0 = Debug|Any CPU
		{511761BF-9334-45CE-AB65-122090793C23}.Release|Any CPU.ActiveCfg = Release|Any CPU
		{511761BF-9334-45CE-AB65-122090793C23}.Release|Any CPU.Build.0 = Release|Any CPU
	EndGlobalSection
	GlobalSection(SolutionProperties) = preSolution
		HideSolutionNode = FALSE
	EndGlobalSection
	GlobalSection(ExtensibilityGlobals) = postSolution
		SolutionGuid = {B3AEF2E3-1D7E-4441-9945-F6D2FDF0752E}
	EndGlobalSection
EndGlobal
