
Microsoft Visual Studio Solution File, Format Version 12.00
# Visual Studio Version 17
VisualStudioVersion = 17.4.33213.308
MinimumVisualStudioVersion = 10.0.40219.1
Project("{FAE04EC0-301F-11D3-BF4B-00C04F79EFBC}") = "StringConsoleApp", "StringConsoleApp\StringConsoleApp.csproj", "{A83714BB-1A94-4080-9FC5-9B98D0B27963}"
EndProject
Global
	GlobalSection(SolutionConfigurationPlatforms) = preSolution
		Debug|Any CPU = Debug|Any CPU
		Release|Any CPU = Release|Any CPU
	EndGlobalSection
	GlobalSection(ProjectConfigurationPlatforms) = postSolution
		{A83714BB-1A94-4080-9FC5-9B98D0B27963}.Debug|Any CPU.ActiveCfg = Debug|Any CPU
		{A83714BB-1A94-4080-9FC5-9B98D0B27963}.Debug|Any CPU.Build.0 = Debug|Any CPU
		{A83714BB-1A94-4080-9FC5-9B98D0B27963}.Release|Any CPU.ActiveCfg = Release|Any CPU
		{A83714BB-1A94-4080-9FC5-9B98D0B27963}.Release|Any CPU.Build.0 = Release|Any CPU
	EndGlobalSection
	GlobalSection(SolutionProperties) = preSolution
		HideSolutionNode = FALSE
	EndGlobalSection
	GlobalSection(ExtensibilityGlobals) = postSolution
		SolutionGuid = {CD8C60C0-81BF-4758-B8AA-8F5C9AC56E90}
	EndGlobalSection
EndGlobal
