
Microsoft Visual Studio Solution File, Format Version 12.00
# Visual Studio Version 17
VisualStudioVersion = 17.4.33213.308
MinimumVisualStudioVersion = 10.0.40219.1
Project("{FAE04EC0-301F-11D3-BF4B-00C04F79EFBC}") = "SchoolDB", "SchoolDB\SchoolDB.csproj", "{2D6C36B8-D17A-4BA0-A196-9020F6858D39}"
EndProject
Global
	GlobalSection(SolutionConfigurationPlatforms) = preSolution
		Debug|Any CPU = Debug|Any CPU
		Release|Any CPU = Release|Any CPU
	EndGlobalSection
	GlobalSection(ProjectConfigurationPlatforms) = postSolution
		{2D6C36B8-D17A-4BA0-A196-9020F6858D39}.Debug|Any CPU.ActiveCfg = Debug|Any CPU
		{2D6C36B8-D17A-4BA0-A196-9020F6858D39}.Debug|Any CPU.Build.0 = Debug|Any CPU
		{2D6C36B8-D17A-4BA0-A196-9020F6858D39}.Release|Any CPU.ActiveCfg = Release|Any CPU
		{2D6C36B8-D17A-4BA0-A196-9020F6858D39}.Release|Any CPU.Build.0 = Release|Any CPU
	EndGlobalSection
	GlobalSection(SolutionProperties) = preSolution
		HideSolutionNode = FALSE
	EndGlobalSection
	GlobalSection(ExtensibilityGlobals) = postSolution
		SolutionGuid = {C7CFC4DE-40AB-4152-B3A0-2BC121A4F7FB}
	EndGlobalSection
EndGlobal
