
Microsoft Visual Studio Solution File, Format Version 12.00
# Visual Studio Version 16
VisualStudioVersion = 16.0.33328.57
MinimumVisualStudioVersion = 10.0.40219.1
Project("{FAE04EC0-301F-11D3-BF4B-00C04F79EFBC}") = "CarInsurance1", "CarInsurance1.csproj", "{ED61AB8C-1CF2-4478-AF05-4C8CD066D293}"
EndProject
Global
	GlobalSection(SolutionConfigurationPlatforms) = preSolution
		Debug|Any CPU = Debug|Any CPU
		Release|Any CPU = Release|Any CPU
	EndGlobalSection
	GlobalSection(ProjectConfigurationPlatforms) = postSolution
		{ED61AB8C-1CF2-4478-AF05-4C8CD066D293}.Debug|Any CPU.ActiveCfg = Debug|Any CPU
		{ED61AB8C-1CF2-4478-AF05-4C8CD066D293}.Debug|Any CPU.Build.0 = Debug|Any CPU
		{ED61AB8C-1CF2-4478-AF05-4C8CD066D293}.Release|Any CPU.ActiveCfg = Release|Any CPU
		{ED61AB8C-1CF2-4478-AF05-4C8CD066D293}.Release|Any CPU.Build.0 = Release|Any CPU
	EndGlobalSection
	GlobalSection(SolutionProperties) = preSolution
		HideSolutionNode = FALSE
	EndGlobalSection
	GlobalSection(ExtensibilityGlobals) = postSolution
		SolutionGuid = {62D8B5FB-FB8F-41B1-B192-B28280A25070}
	EndGlobalSection
EndGlobal
